<?xml version="1.0" encoding="utf-8"?>
<Project ToolsVersion="4.0" xmlns="http://schemas.microsoft.com/developer/msbuild/2003">
  <ItemGroup>
    <Filter Include="소스 파일">
      <UniqueIdentifier>{4FC737F1-C7A5-4376-A066-2A32D752A2FF}</UniqueIdentifier>
      <Extensions>cpp;c;cc;cxx;c++;cppm;ixx;def;odl;idl;hpj;bat;asm;asmx</Extensions>
    </Filter>
    <Filter Include="헤더 파일">
      <UniqueIdentifier>{93995380-89BD-4b04-88EB-625FBE52EBFB}</UniqueIdentifier>
      <Extensions>h;hh;hpp;hxx;h++;hm;inl;inc;ipp;xsd</Extensions>
    </Filter>
    <Filter Include="리소스 파일">
      <UniqueIdentifier>{67DA6AB6-F800-4c08-8B7A-83BB121AAD01}</UniqueIdentifier>
      <Extensions>rc;ico;cur;bmp;dlg;rc2;rct;bin;rgs;gif;jpg;jpeg;jpe;resx;tiff;tif;png;wav;mfcribbon-ms</Extensions>
    </Filter>
  </ItemGroup>
  <ItemGroup>
    <ClInclude Include="framework.h">
      <Filter>헤더 파일</Filter>
    </ClInclude>
    <ClInclude Include="targetver.h">
      <Filter>헤더 파일</Filter>
    </ClInclude>
    <ClInclude Include="Resource.h">
      <Filter>헤더 파일</Filter>
    </ClInclude>
    <ClInclude Include="Stardew_Valley.h">
      <Filter>헤더 파일</Filter>
    </ClInclude>
    <ClInclude Include="Framework\Device\Device.h">
      <Filter>헤더 파일</Filter>
    </ClInclude>
    <ClInclude Include="Framework\Math\Transform.h">
      <Filter>헤더 파일</Filter>
    </ClInclude>
    <ClInclude Include="Framework\Math\Vector2.h">
      <Filter>헤더 파일</Filter>
    </ClInclude>
    <ClInclude Include="Framework\Render\Buffers.h">
      <Filter>헤더 파일</Filter>
    </ClInclude>
    <ClInclude Include="Framework\Render\ConstantBuffer.h">
      <Filter>헤더 파일</Filter>
    </ClInclude>
    <ClInclude Include="Framework\Render\IndexBuffer.h">
      <Filter>헤더 파일</Filter>
    </ClInclude>
    <ClInclude Include="Framework\Render\InputLayout.h">
      <Filter>헤더 파일</Filter>
    </ClInclude>
    <ClInclude Include="Framework\Render\PixelShader.h">
      <Filter>헤더 파일</Filter>
    </ClInclude>
    <ClInclude Include="Framework\Render\Shader.h">
      <Filter>헤더 파일</Filter>
    </ClInclude>
    <ClInclude Include="Framework\Render\ShaderManager.h">
      <Filter>헤더 파일</Filter>
    </ClInclude>
    <ClInclude Include="Framework\Render\VertexBuffer.h">
      <Filter>헤더 파일</Filter>
    </ClInclude>
    <ClInclude Include="Framework\Render\VertexShader.h">
      <Filter>헤더 파일</Filter>
    </ClInclude>
    <ClInclude Include="Framework\TextureMapping\BlendState.h">
      <Filter>헤더 파일</Filter>
    </ClInclude>
    <ClInclude Include="Framework\TextureMapping\SRV.h">
      <Filter>헤더 파일</Filter>
    </ClInclude>
    <ClInclude Include="Framework\Utility\InputManager.h">
      <Filter>헤더 파일</Filter>
    </ClInclude>
    <ClInclude Include="Framework\Utility\Timer.h">
      <Filter>헤더 파일</Filter>
    </ClInclude>
    <ClInclude Include="Program\Program.h">
      <Filter>헤더 파일</Filter>
    </ClInclude>
    <ClInclude Include="Scene\TestScene\TestScene.h">
      <Filter>헤더 파일</Filter>
    </ClInclude>
    <ClInclude Include="Scene\Scene.h">
      <Filter>헤더 파일</Filter>
    </ClInclude>
    <ClInclude Include="Object\BasicObj\RectLine.h">
      <Filter>헤더 파일</Filter>
    </ClInclude>
    <ClInclude Include="Map\TileMap.h">
      <Filter>헤더 파일</Filter>
    </ClInclude>
    <ClInclude Include="Defines.h">
      <Filter>헤더 파일</Filter>
    </ClInclude>
    <ClInclude Include="Framework\TextureMapping\SamplerState.h">
      <Filter>헤더 파일</Filter>
    </ClInclude>
    <ClInclude Include="Framework\TextureMapping\SRVManager.h">
      <Filter>헤더 파일</Filter>
    </ClInclude>
    <ClInclude Include="Framework\TextureMapping\StateManager.h">
      <Filter>헤더 파일</Filter>
    </ClInclude>
    <ClInclude Include="Object\BasicObj\Sprite.h">
      <Filter>헤더 파일</Filter>
    </ClInclude>
    <ClInclude Include="Object\BasicObj\TextureRect.h">
      <Filter>헤더 파일</Filter>
    </ClInclude>
    <ClInclude Include="Framework\Camera\Camera.h">
      <Filter>헤더 파일</Filter>
    </ClInclude>
    <ClInclude Include="Framework\Collision\Collider.h">
      <Filter>헤더 파일</Filter>
    </ClInclude>
    <ClInclude Include="Framework\Collision\RectCollider.h">
      <Filter>헤더 파일</Filter>
    </ClInclude>
    <ClInclude Include="Framework\Collision\CircleCollider.h">
      <Filter>헤더 파일</Filter>
    </ClInclude>
    <ClInclude Include="Object\BasicObj\CircleLine.h">
      <Filter>헤더 파일</Filter>
    </ClInclude>
    <ClInclude Include="Object\BasicObj\ShapeLine.h">
      <Filter>헤더 파일</Filter>
    </ClInclude>
    <ClInclude Include="Framework\Utility\MathUtility.h">
      <Filter>헤더 파일</Filter>
    </ClInclude>
    <ClInclude Include="Scene\TestScene\ColliderScene.h">
      <Filter>헤더 파일</Filter>
    </ClInclude>
    <ClInclude Include="Scene\MapTool\MapToolScene.h">
      <Filter>헤더 파일</Filter>
    </ClInclude>
    <ClInclude Include="Object\UI\Palette.h">
      <Filter>헤더 파일</Filter>
    </ClInclude>
    <ClInclude Include="Object\BasicObj\SingleColorRect.h">
      <Filter>헤더 파일</Filter>
    </ClInclude>
    <ClInclude Include="Object\UI\Button.h">
      <Filter>헤더 파일</Filter>
    </ClInclude>
    <ClInclude Include="Object\UI\ColorButton.h">
      <Filter>헤더 파일</Filter>
    </ClInclude>
    <ClInclude Include="Object\UI\TextureButton.h">
      <Filter>헤더 파일</Filter>
    </ClInclude>
    <ClInclude Include="Object\UI\List.h">
      <Filter>헤더 파일</Filter>
    </ClInclude>
    <ClInclude Include="Data\DataManager.h">
      <Filter>헤더 파일</Filter>
    </ClInclude>
    <ClInclude Include="Object\GameObj\Others\GameObject.h">
      <Filter>헤더 파일</Filter>
    </ClInclude>
    <ClInclude Include="Object\GameObj\Others\DeployableObj\BreakableItem.h">
      <Filter>헤더 파일</Filter>
    </ClInclude>
    <ClInclude Include="Framework\Animation\Action.h">
      <Filter>헤더 파일</Filter>
    </ClInclude>
    <ClInclude Include="Object\GameObj\Creature\Player\Player.h">
      <Filter>헤더 파일</Filter>
    </ClInclude>
    <ClInclude Include="Object\GameObj\ObjectSpawner.h">
      <Filter>헤더 파일</Filter>
    </ClInclude>
    <ClInclude Include="Object\GameObj\Others\DeployableObj\PickableItem.h">
      <Filter>헤더 파일</Filter>
    </ClInclude>
    <ClInclude Include="Object\GameObj\Others\DeployableObj\DropItem.h">
      <Filter>헤더 파일</Filter>
    </ClInclude>
    <ClInclude Include="Object\Tile\Tile.h">
      <Filter>헤더 파일</Filter>
    </ClInclude>
    <ClInclude Include="Object\Tile\TileType\FishableTile.h">
      <Filter>헤더 파일</Filter>
    </ClInclude>
    <ClInclude Include="Object\Tile\TileType\ArableTile.h">
      <Filter>헤더 파일</Filter>
    </ClInclude>
    <ClInclude Include="Object\UI\PlayerUI.h">
      <Filter>헤더 파일</Filter>
    </ClInclude>
    <ClInclude Include="Object\UI\ItemSlot.h">
      <Filter>헤더 파일</Filter>
    </ClInclude>
    <ClInclude Include="Framework\Utility\tinyxml2.h">
      <Filter>헤더 파일</Filter>
    </ClInclude>
    <ClInclude Include="Object\UI\Bar.h">
      <Filter>헤더 파일</Filter>
    </ClInclude>
    <ClInclude Include="Object\BasicObj\LightTextureRect.h">
      <Filter>헤더 파일</Filter>
    </ClInclude>
    <ClInclude Include="Framework\Light\LightManager.h">
      <Filter>헤더 파일</Filter>
    </ClInclude>
    <ClInclude Include="Object\UI\BagUI.h">
      <Filter>헤더 파일</Filter>
    </ClInclude>
    <ClInclude Include="Data\PlayerInfoSubscriber.h">
      <Filter>헤더 파일</Filter>
    </ClInclude>
    <ClInclude Include="Object\UI\TimeUI.h">
      <Filter>헤더 파일</Filter>
    </ClInclude>
    <ClInclude Include="Object\GameObj\Others\DeployableObj\Crop.h">
      <Filter>헤더 파일</Filter>
    </ClInclude>
    <ClInclude Include="Object\GameObj\Others\DeployableObj\DeployableObject.h">
      <Filter>헤더 파일</Filter>
    </ClInclude>
    <ClInclude Include="Object\GameObj\Others\Items\Item.h">
      <Filter>헤더 파일</Filter>
    </ClInclude>
    <ClInclude Include="Enums.h">
      <Filter>헤더 파일</Filter>
    </ClInclude>
    <ClInclude Include="Data\DataInfos.h">
      <Filter>헤더 파일</Filter>
    </ClInclude>
    <ClInclude Include="Object\GameObj\Creature\Player\PlayerSubscribe.h">
      <Filter>헤더 파일</Filter>
    </ClInclude>
    <ClInclude Include="Include\imconfig.h">
      <Filter>헤더 파일</Filter>
    </ClInclude>
    <ClInclude Include="Include\imgui.h">
      <Filter>헤더 파일</Filter>
    </ClInclude>
    <ClInclude Include="Include\imgui_impl_dx11.h">
      <Filter>헤더 파일</Filter>
    </ClInclude>
    <ClInclude Include="Include\imgui_impl_win32.h">
      <Filter>헤더 파일</Filter>
    </ClInclude>
    <ClInclude Include="Include\imgui_internal.h">
      <Filter>헤더 파일</Filter>
    </ClInclude>
    <ClInclude Include="Include\imstb_rectpack.h">
      <Filter>헤더 파일</Filter>
    </ClInclude>
    <ClInclude Include="Include\imstb_textedit.h">
      <Filter>헤더 파일</Filter>
    </ClInclude>
    <ClInclude Include="Include\imstb_truetype.h">
      <Filter>헤더 파일</Filter>
    </ClInclude>
    <ClInclude Include="Object\GameObj\Creature\Creature.h">
      <Filter>헤더 파일</Filter>
    </ClInclude>
    <ClInclude Include="Object\GameObj\Creature\Player\PlayerImproved.h">
      <Filter>헤더 파일</Filter>
    </ClInclude>
    <ClInclude Include="Object\GameObj\Others\DeployableObj\FishingHook.h">
      <Filter>헤더 파일</Filter>
    </ClInclude>
    <ClInclude Include="Object\UI\FishingMinigame.h">
      <Filter>헤더 파일</Filter>
    </ClInclude>
    <ClInclude Include="Framework\System\FishingSystem.h">
      <Filter>헤더 파일</Filter>
    </ClInclude>
    <ClInclude Include="Object\GameObj\Others\DeployableObj\Wall.h">
      <Filter>헤더 파일</Filter>
    </ClInclude>
    <ClInclude Include="Object\GameObj\Creature\Monsters\Slime.h">
      <Filter>헤더 파일</Filter>
    </ClInclude>
    <ClInclude Include="Object\GameObj\Creature\Monsters\Monster.h">
      <Filter>헤더 파일</Filter>
    </ClInclude>
    <ClInclude Include="Object\GameObj\Creature\Monsters\Bat.h">
      <Filter>헤더 파일</Filter>
    </ClInclude>
    <ClInclude Include="Object\GameObj\Creature\Player\PlayerFight.h">
      <Filter>헤더 파일</Filter>
    </ClInclude>
    <ClInclude Include="Object\GameObj\Creature\Monsters\MonsterSpawner.h">
      <Filter>헤더 파일</Filter>
    </ClInclude>
    <ClInclude Include="Scene\SceneManager.h">
      <Filter>헤더 파일</Filter>
    </ClInclude>
    <ClInclude Include="Scene\InGame\NormalScene.h">
      <Filter>헤더 파일</Filter>
    </ClInclude>
    <ClInclude Include="Scene\InGame\DungeonScene.h">
      <Filter>헤더 파일</Filter>
    </ClInclude>
    <ClInclude Include="Object\UI\NumberUI.h">
      <Filter>헤더 파일</Filter>
    </ClInclude>
    <ClInclude Include="Object\Effect\Effect.h">
      <Filter>헤더 파일</Filter>
    </ClInclude>
    <ClInclude Include="Object\Effect\DamageEffect.h">
      <Filter>헤더 파일</Filter>
    </ClInclude>
    <ClInclude Include="Object\Effect\EffectManager.h">
      <Filter>헤더 파일</Filter>
    </ClInclude>
    <ClInclude Include="Object\GameObj\Others\DeployableObj\Door.h">
      <Filter>헤더 파일</Filter>
    </ClInclude>
    <ClInclude Include="Object\GameObj\Others\DeployableObj\Light.h">
      <Filter>헤더 파일</Filter>
    </ClInclude>
    <ClInclude Include="Object\GameObj\Others\DeployableObj\Bed.h">
      <Filter>헤더 파일</Filter>
    </ClInclude>
  </ItemGroup>
  <ItemGroup>
    <ClCompile Include="Stardew_Valley.cpp">
      <Filter>소스 파일</Filter>
    </ClCompile>
    <ClCompile Include="framework.cpp">
      <Filter>소스 파일</Filter>
    </ClCompile>
    <ClCompile Include="Framework\Device\Device.cpp">
      <Filter>소스 파일</Filter>
    </ClCompile>
    <ClCompile Include="Framework\Math\Transform.cpp">
      <Filter>소스 파일</Filter>
    </ClCompile>
    <ClCompile Include="Framework\Math\Vector2.cpp">
      <Filter>소스 파일</Filter>
    </ClCompile>
    <ClCompile Include="Framework\Render\ConstantBuffer.cpp">
      <Filter>소스 파일</Filter>
    </ClCompile>
    <ClCompile Include="Framework\Render\IndexBuffer.cpp">
      <Filter>소스 파일</Filter>
    </ClCompile>
    <ClCompile Include="Framework\Render\PixelShader.cpp">
      <Filter>소스 파일</Filter>
    </ClCompile>
    <ClCompile Include="Framework\Render\Shader.cpp">
      <Filter>소스 파일</Filter>
    </ClCompile>
    <ClCompile Include="Framework\Render\ShaderManager.cpp">
      <Filter>소스 파일</Filter>
    </ClCompile>
    <ClCompile Include="Framework\Render\VertexBuffer.cpp">
      <Filter>소스 파일</Filter>
    </ClCompile>
    <ClCompile Include="Framework\Render\VertexShader.cpp">
      <Filter>소스 파일</Filter>
    </ClCompile>
    <ClCompile Include="Framework\TextureMapping\BlendState.cpp">
      <Filter>소스 파일</Filter>
    </ClCompile>
    <ClCompile Include="Framework\TextureMapping\SRV.cpp">
      <Filter>소스 파일</Filter>
    </ClCompile>
    <ClCompile Include="Framework\Utility\InputManager.cpp">
      <Filter>소스 파일</Filter>
    </ClCompile>
    <ClCompile Include="Framework\Utility\Timer.cpp">
      <Filter>소스 파일</Filter>
    </ClCompile>
    <ClCompile Include="Program\Program.cpp">
      <Filter>소스 파일</Filter>
    </ClCompile>
    <ClCompile Include="Scene\TestScene\TestScene.cpp">
      <Filter>소스 파일</Filter>
    </ClCompile>
    <ClCompile Include="Scene\Scene.cpp">
      <Filter>소스 파일</Filter>
    </ClCompile>
    <ClCompile Include="Object\BasicObj\RectLine.cpp">
      <Filter>소스 파일</Filter>
    </ClCompile>
    <ClCompile Include="Map\TileMap.cpp">
      <Filter>소스 파일</Filter>
    </ClCompile>
    <ClCompile Include="Framework\TextureMapping\SamplerState.cpp">
      <Filter>소스 파일</Filter>
    </ClCompile>
    <ClCompile Include="Framework\TextureMapping\SRVManager.cpp">
      <Filter>소스 파일</Filter>
    </ClCompile>
    <ClCompile Include="Framework\TextureMapping\StateManager.cpp">
      <Filter>소스 파일</Filter>
    </ClCompile>
    <ClCompile Include="Object\BasicObj\Sprite.cpp">
      <Filter>소스 파일</Filter>
    </ClCompile>
    <ClCompile Include="Object\BasicObj\TextureRect.cpp">
      <Filter>소스 파일</Filter>
    </ClCompile>
    <ClCompile Include="Framework\Camera\Camera.cpp">
      <Filter>소스 파일</Filter>
    </ClCompile>
    <ClCompile Include="Framework\Collision\Collider.cpp">
      <Filter>소스 파일</Filter>
    </ClCompile>
    <ClCompile Include="Framework\Collision\RectCollider.cpp">
      <Filter>소스 파일</Filter>
    </ClCompile>
    <ClCompile Include="Framework\Collision\CircleCollider.cpp">
      <Filter>소스 파일</Filter>
    </ClCompile>
    <ClCompile Include="Object\BasicObj\CircleLine.cpp">
      <Filter>소스 파일</Filter>
    </ClCompile>
    <ClCompile Include="Object\BasicObj\ShapeLine.cpp">
      <Filter>소스 파일</Filter>
    </ClCompile>
    <ClCompile Include="Scene\TestScene\ColliderScene.cpp">
      <Filter>소스 파일</Filter>
    </ClCompile>
    <ClCompile Include="Scene\MapTool\MapToolScene.cpp">
      <Filter>소스 파일</Filter>
    </ClCompile>
    <ClCompile Include="Object\UI\Palette.cpp">
      <Filter>소스 파일</Filter>
    </ClCompile>
    <ClCompile Include="Object\BasicObj\SingleColorRect.cpp">
      <Filter>소스 파일</Filter>
    </ClCompile>
    <ClCompile Include="Object\UI\Button.cpp">
      <Filter>소스 파일</Filter>
    </ClCompile>
    <ClCompile Include="Object\UI\ColorButton.cpp">
      <Filter>소스 파일</Filter>
    </ClCompile>
    <ClCompile Include="Object\UI\TextureButton.cpp">
      <Filter>소스 파일</Filter>
    </ClCompile>
    <ClCompile Include="Object\UI\List.cpp">
      <Filter>소스 파일</Filter>
    </ClCompile>
    <ClCompile Include="Data\DataManager.cpp">
      <Filter>소스 파일</Filter>
    </ClCompile>
    <ClCompile Include="Object\GameObj\Others\GameObject.cpp">
      <Filter>소스 파일</Filter>
    </ClCompile>
    <ClCompile Include="Object\GameObj\Others\DeployableObj\BreakableItem.cpp">
      <Filter>소스 파일</Filter>
    </ClCompile>
    <ClCompile Include="Framework\Animation\Action.cpp">
      <Filter>소스 파일</Filter>
    </ClCompile>
    <ClCompile Include="Object\GameObj\Creature\Player\Player.cpp">
      <Filter>소스 파일</Filter>
    </ClCompile>
    <ClCompile Include="Object\GameObj\ObjectSpawner.cpp">
      <Filter>소스 파일</Filter>
    </ClCompile>
    <ClCompile Include="Object\GameObj\Others\DeployableObj\PickableItem.cpp">
      <Filter>소스 파일</Filter>
    </ClCompile>
    <ClCompile Include="Object\GameObj\Others\DeployableObj\DropItem.cpp">
      <Filter>소스 파일</Filter>
    </ClCompile>
    <ClCompile Include="Object\Tile\Tile.cpp">
      <Filter>소스 파일</Filter>
    </ClCompile>
    <ClCompile Include="Object\Tile\TileType\FishableTile.cpp">
      <Filter>소스 파일</Filter>
    </ClCompile>
    <ClCompile Include="Object\Tile\TileType\ArableTile.cpp">
      <Filter>소스 파일</Filter>
    </ClCompile>
    <ClCompile Include="Object\UI\PlayerUI.cpp">
      <Filter>소스 파일</Filter>
    </ClCompile>
    <ClCompile Include="Object\UI\ItemSlot.cpp">
      <Filter>소스 파일</Filter>
    </ClCompile>
    <ClCompile Include="Framework\Utility\tinyxml2.cpp">
      <Filter>소스 파일</Filter>
    </ClCompile>
    <ClCompile Include="Object\UI\Bar.cpp">
      <Filter>소스 파일</Filter>
    </ClCompile>
    <ClCompile Include="Object\BasicObj\LightTextureRect.cpp">
      <Filter>소스 파일</Filter>
    </ClCompile>
    <ClCompile Include="Framework\Light\LightManager.cpp">
      <Filter>소스 파일</Filter>
    </ClCompile>
    <ClCompile Include="Object\UI\BagUI.cpp">
      <Filter>소스 파일</Filter>
    </ClCompile>
    <ClCompile Include="Object\UI\TimeUI.cpp">
      <Filter>소스 파일</Filter>
    </ClCompile>
    <ClCompile Include="Object\GameObj\Others\DeployableObj\Crop.cpp">
      <Filter>소스 파일</Filter>
    </ClCompile>
    <ClCompile Include="Object\GameObj\Others\DeployableObj\DeployableObject.cpp">
      <Filter>소스 파일</Filter>
    </ClCompile>
    <ClCompile Include="Object\GameObj\Others\Items\Item.cpp">
      <Filter>소스 파일</Filter>
    </ClCompile>
    <ClCompile Include="Object\GameObj\Creature\Creature.cpp">
      <Filter>소스 파일</Filter>
    </ClCompile>
    <ClCompile Include="Object\GameObj\Creature\Player\PlayerImproved.cpp">
      <Filter>소스 파일</Filter>
    </ClCompile>
    <ClCompile Include="Object\GameObj\Others\DeployableObj\FishingHook.cpp">
      <Filter>소스 파일</Filter>
    </ClCompile>
    <ClCompile Include="Object\UI\FishingMinigame.cpp">
      <Filter>소스 파일</Filter>
    </ClCompile>
    <ClCompile Include="Framework\System\FishingSystem.cpp">
      <Filter>소스 파일</Filter>
    </ClCompile>
    <ClCompile Include="Object\GameObj\Others\DeployableObj\Wall.cpp">
      <Filter>소스 파일</Filter>
    </ClCompile>
    <ClCompile Include="Object\GameObj\Creature\Monsters\Slime.cpp">
      <Filter>소스 파일</Filter>
    </ClCompile>
    <ClCompile Include="Object\GameObj\Creature\Monsters\Monster.cpp">
      <Filter>소스 파일</Filter>
    </ClCompile>
    <ClCompile Include="Object\GameObj\Creature\Monsters\Bat.cpp">
      <Filter>소스 파일</Filter>
    </ClCompile>
    <ClCompile Include="Object\GameObj\Creature\Player\PlayerFight.cpp">
      <Filter>소스 파일</Filter>
    </ClCompile>
    <ClCompile Include="Object\GameObj\Creature\Monsters\MonsterSpawner.cpp">
      <Filter>소스 파일</Filter>
    </ClCompile>
    <ClCompile Include="Scene\SceneManager.cpp">
      <Filter>소스 파일</Filter>
    </ClCompile>
    <ClCompile Include="Scene\InGame\NormalScene.cpp">
      <Filter>소스 파일</Filter>
    </ClCompile>
    <ClCompile Include="Scene\InGame\DungeonScene.cpp">
      <Filter>소스 파일</Filter>
    </ClCompile>
    <ClCompile Include="Object\UI\NumberUI.cpp">
      <Filter>소스 파일</Filter>
    </ClCompile>
    <ClCompile Include="Object\Effect\Effect.cpp">
      <Filter>소스 파일</Filter>
    </ClCompile>
    <ClCompile Include="Object\Effect\DamageEffect.cpp">
      <Filter>소스 파일</Filter>
    </ClCompile>
    <ClCompile Include="Object\Effect\EffectManager.cpp">
      <Filter>소스 파일</Filter>
    </ClCompile>
    <ClCompile Include="Object\GameObj\Others\DeployableObj\Door.cpp">
      <Filter>소스 파일</Filter>
    </ClCompile>
    <ClCompile Include="Object\GameObj\Others\DeployableObj\Light.cpp">
      <Filter>소스 파일</Filter>
    </ClCompile>
    <ClCompile Include="Object\GameObj\Others\DeployableObj\Bed.cpp">
      <Filter>소스 파일</Filter>
    </ClCompile>
  </ItemGroup>
  <ItemGroup>
    <ResourceCompile Include="Stardew_Valley.rc">
      <Filter>리소스 파일</Filter>
    </ResourceCompile>
  </ItemGroup>
  <ItemGroup>
    <Image Include="small.ico">
      <Filter>리소스 파일</Filter>
    </Image>
    <Image Include="Stardew_Valley.ico">
      <Filter>리소스 파일</Filter>
    </Image>
    <Image Include="Resource\Tile\spring_beach.png">
      <Filter>리소스 파일</Filter>
    </Image>
    <Image Include="Resource\Tile\spring_outdoors.png">
      <Filter>리소스 파일</Filter>
    </Image>
    <Image Include="Resource\Player\farmer_base.png">
      <Filter>리소스 파일</Filter>
    </Image>
    <Image Include="Resource\Tile\MapTiles.png">
      <Filter>리소스 파일</Filter>
    </Image>
    <Image Include="Resource\Tile\Tile.png">
      <Filter>리소스 파일</Filter>
    </Image>
    <Image Include="Resource\Tile\TileBright.png">
      <Filter>리소스 파일</Filter>
    </Image>
    <Image Include="Resource\Tile\Objects.png">
      <Filter>리소스 파일</Filter>
    </Image>
    <Image Include="Resource\Object\house.png">
      <Filter>리소스 파일</Filter>
    </Image>
    <Image Include="Resource\UI\DialogBoxGreen.png">
      <Filter>리소스 파일</Filter>
    </Image>
    <Image Include="Resource\Object\Tree.png">
      <Filter>리소스 파일</Filter>
    </Image>
    <Image Include="Resource\Object\Objects.png">
      <Filter>리소스 파일</Filter>
    </Image>
    <Image Include="Resource\XMLResource3.png">
      <Filter>리소스 파일</Filter>
    </Image>
    <Image Include="Resource\Monsters\Bat.png">
      <Filter>리소스 파일</Filter>
    </Image>
    <Image Include="Resource\Monsters\Slime.png">
      <Filter>리소스 파일</Filter>
    </Image>
    <Image Include="Resource\XMLResource4.png">
      <Filter>리소스 파일</Filter>
    </Image>
  </ItemGroup>
  <ItemGroup>
    <FxCompile Include="Shader\VertexVS.hlsl" />
    <FxCompile Include="Shader\SingleColorPS.hlsl" />
    <FxCompile Include="Shader\TextureVS.hlsl" />
    <FxCompile Include="Shader\XMLPS.hlsl" />
    <FxCompile Include="Shader\SingleColorVS.hlsl" />
    <FxCompile Include="Shader\LightVS.hlsl" />
    <FxCompile Include="Shader\LightPS.hlsl" />
    <FxCompile Include="Shader\LightXMLPS.hlsl" />
    <FxCompile Include="Shader\RatioColorPS.hlsl" />
  </ItemGroup>
  <ItemGroup>
    <Text Include="Map\Save\Fishing.txt" />
    <Text Include="Map\Save\Dungeon.txt" />
    <Text Include="Data\Contents\TileProperty.txt" />
    <Text Include="Data\Contents\InitialMap\Dungeon1Obj.txt" />
    <Text Include="Data\Contents\InitialMap\Dungeon1Tile.txt" />
    <Text Include="Data\Contents\InitialMap\Dungeon2Obj.txt" />
    <Text Include="Data\Contents\InitialMap\Dungeon2Tile.txt" />
    <Text Include="Data\Contents\InitialMap\Dungeon3Obj.txt" />
    <Text Include="Data\Contents\InitialMap\Dungeon3Tile.txt" />
    <Text Include="Data\Contents\InitialMap\Dungeon.txt" />
    <Text Include="Data\Contents\InitialMap\Farming.txt" />
    <Text Include="Data\Contents\InitialMap\Fishing.txt" />
    <Text Include="Data\SaveFiles\Test\DungeonObj.txt" />
    <Text Include="Data\SaveFiles\Test\DungeonTile.txt" />
    <Text Include="Data\SaveFiles\Test\FarmingObj.txt" />
    <Text Include="Data\SaveFiles\Test\FarmingTile.txt" />
    <Text Include="Data\SaveFiles\Test\FishingObj.txt" />
    <Text Include="Data\SaveFiles\Test\FishingTile.txt" />
    <Text Include="Data\SaveFiles\Test\PlayerInfo.txt" />
    <Text Include="Data\SaveFiles\Test\PlayerItems.txt" />
    <Text Include="Data\SaveFiles\Test\TestObj.txt" />
    <Text Include="Data\SaveFiles\Test\TestTile.txt" />
    <Text Include="Data\Contents\InitialMap\DungeonObj.txt" />
    <Text Include="Data\Contents\InitialMap\DungeonTile.txt" />
    <Text Include="Data\Contents\InitialMap\FarmingObj.txt" />
    <Text Include="Data\Contents\InitialMap\FarmingTile.txt" />
    <Text Include="Data\Contents\InitialMap\FishingObj.txt" />
    <Text Include="Data\Contents\InitialMap\FishingTile.txt" />
    <Text Include="Data\Contents\InitialMap\PlayerInfo.txt" />
    <Text Include="Data\Contents\InitialMap\PlayerItems.txt" />
    <Text Include="Data\Contents\InitialMap\TestObj.txt" />
    <Text Include="Data\Contents\InitialMap\TestTile.txt" />
  </ItemGroup>
  <ItemGroup>
    <Library Include="Library\FMOD\fmod_vc.lib" />
    <Library Include="Library\DirectXTex\DirectXTex.lib" />
    <Library Include="Library\ImGui\ImGUI.lib" />
  </ItemGroup>
  <ItemGroup>
    <None Include="fmod.dll" />
    <None Include="Library\ImGui\ImGUI.idb" />
    <None Include="Library\ImGui\ImGUI.pdb" />
  </ItemGroup>
  <ItemGroup>
    <Xml Include="Resource\XMLResource3.xml" />
    <Xml Include="Resource\XMLResource4.xml" />
  </ItemGroup>
</Project>